// !$*UTF8*$!
{
	archiveVersion = 1;
	classes = {
	};
	objectVersion = 56;
	objects = {

/* Begin PBXBuildFile section */
		321398302CB4476600A636A7 /* ChatManager.swift in Sources */ = {isa = PBXBuildFile; fileRef = 3213982F2CB4476600A636A7 /* ChatManager.swift */; };
		321398322CB4630A00A636A7 /* AddMessageView.swift in Sources */ = {isa = PBXBuildFile; fileRef = 321398312CB4630A00A636A7 /* AddMessageView.swift */; };
		321398362CBAF78400A636A7 /* AuthViewController.swift in Sources */ = {isa = PBXBuildFile; fileRef = 321398352CBAF78400A636A7 /* AuthViewController.swift */; };
		3213983A2CBAFA2200A636A7 /* LoginViewController.swift in Sources */ = {isa = PBXBuildFile; fileRef = 321398392CBAFA2200A636A7 /* LoginViewController.swift */; };
		3213983C2CBAFB5400A636A7 /* SignUpViewController.swift in Sources */ = {isa = PBXBuildFile; fileRef = 3213983B2CBAFB5400A636A7 /* SignUpViewController.swift */; };
		3213983E2CBB08DE00A636A7 /* DividerView.swift in Sources */ = {isa = PBXBuildFile; fileRef = 3213983D2CBB08DD00A636A7 /* DividerView.swift */; };
		321398412CBCD89E00A636A7 /* Settings.swift in Sources */ = {isa = PBXBuildFile; fileRef = 321398402CBCD89D00A636A7 /* Settings.swift */; };
		321398452CBDFB6500A636A7 /* snip.wav in Resources */ = {isa = PBXBuildFile; fileRef = 321398442CBDFB6400A636A7 /* snip.wav */; };
		321398472CC04F2500A636A7 /* thud.mp3 in Resources */ = {isa = PBXBuildFile; fileRef = 321398462CC04F2500A636A7 /* thud.mp3 */; };
		32610AEC2C98C9440011946E /* ArrowView.swift in Sources */ = {isa = PBXBuildFile; fileRef = 32610AEB2C98C9440011946E /* ArrowView.swift */; };
		32610AF12C9929390011946E /* ding.mp3 in Resources */ = {isa = PBXBuildFile; fileRef = 32610AF02C9929390011946E /* ding.mp3 */; };
		32610AF32C992D2B0011946E /* bonk.mp3 in Resources */ = {isa = PBXBuildFile; fileRef = 32610AF22C992D2B0011946E /* bonk.mp3 */; };
		32610AF52C9930140011946E /* SoundManager.swift in Sources */ = {isa = PBXBuildFile; fileRef = 32610AF42C9930140011946E /* SoundManager.swift */; };
		32610AF72C9A28CB0011946E /* GameView.swift in Sources */ = {isa = PBXBuildFile; fileRef = 32610AF62C9A28CB0011946E /* GameView.swift */; };
		32610AFB2C9A6D420011946E /* CountDownView.swift in Sources */ = {isa = PBXBuildFile; fileRef = 32610AFA2C9A6D420011946E /* CountDownView.swift */; };
		326F93B12C8B928E00B28F04 /* AppDelegate.swift in Sources */ = {isa = PBXBuildFile; fileRef = 326F93B02C8B928E00B28F04 /* AppDelegate.swift */; };
		326F93B32C8B928E00B28F04 /* SceneDelegate.swift in Sources */ = {isa = PBXBuildFile; fileRef = 326F93B22C8B928E00B28F04 /* SceneDelegate.swift */; };
		326F93B52C8B928E00B28F04 /* HomeViewController.swift in Sources */ = {isa = PBXBuildFile; fileRef = 326F93B42C8B928E00B28F04 /* HomeViewController.swift */; };
		326F93BA2C8B928F00B28F04 /* Assets.xcassets in Resources */ = {isa = PBXBuildFile; fileRef = 326F93B92C8B928F00B28F04 /* Assets.xcassets */; };
		326F93BD2C8B928F00B28F04 /* Base in Resources */ = {isa = PBXBuildFile; fileRef = 326F93BC2C8B928F00B28F04 /* Base */; };
		326F93CD2C8BC63000B28F04 /* HomeHeaderCollectionViewCell.swift in Sources */ = {isa = PBXBuildFile; fileRef = 326F93CC2C8BC63000B28F04 /* HomeHeaderCollectionViewCell.swift */; };
		326F93D22C8BD95600B28F04 /* LineView.swift in Sources */ = {isa = PBXBuildFile; fileRef = 326F93D12C8BD95600B28F04 /* LineView.swift */; };
		326F93D42C8BE2B200B28F04 /* RoomCollectionViewCell.swift in Sources */ = {isa = PBXBuildFile; fileRef = 326F93D32C8BE2B100B28F04 /* RoomCollectionViewCell.swift */; };
		326F93D92C8CE5E700B28F04 /* FirebaseAnalytics in Frameworks */ = {isa = PBXBuildFile; productRef = 326F93D82C8CE5E700B28F04 /* FirebaseAnalytics */; };
		326F93DB2C8CE5E700B28F04 /* FirebaseAuth in Frameworks */ = {isa = PBXBuildFile; productRef = 326F93DA2C8CE5E700B28F04 /* FirebaseAuth */; };
		326F93DD2C8CE5E700B28F04 /* FirebaseFirestore in Frameworks */ = {isa = PBXBuildFile; productRef = 326F93DC2C8CE5E700B28F04 /* FirebaseFirestore */; };
		326F93DF2C8CE5E700B28F04 /* FirebaseFunctions in Frameworks */ = {isa = PBXBuildFile; productRef = 326F93DE2C8CE5E700B28F04 /* FirebaseFunctions */; };
		326F93E12C8CE9C600B28F04 /* GoogleService-Info.plist in Resources */ = {isa = PBXBuildFile; fileRef = 326F93E02C8CE9C600B28F04 /* GoogleService-Info.plist */; };
		326F93E42C8CEA0C00B28F04 /* GoogleSignIn in Frameworks */ = {isa = PBXBuildFile; productRef = 326F93E32C8CEA0C00B28F04 /* GoogleSignIn */; };
		326F93E62C8CEA0C00B28F04 /* GoogleSignInSwift in Frameworks */ = {isa = PBXBuildFile; productRef = 326F93E52C8CEA0C00B28F04 /* GoogleSignInSwift */; };
		32C06C592C90E85200D3676D /* Item.swift in Sources */ = {isa = PBXBuildFile; fileRef = 32C06C582C90E85200D3676D /* Item.swift */; };
		32C06C5B2C90F41900D3676D /* PlayerView.swift in Sources */ = {isa = PBXBuildFile; fileRef = 32C06C5A2C90F41900D3676D /* PlayerView.swift */; };
		32C06C5D2C90F6D800D3676D /* ProfileImageView.swift in Sources */ = {isa = PBXBuildFile; fileRef = 32C06C5C2C90F6D800D3676D /* ProfileImageView.swift */; };
		32C06C5F2C9104DB00D3676D /* GameViewController.swift in Sources */ = {isa = PBXBuildFile; fileRef = 32C06C5E2C9104DB00D3676D /* GameViewController.swift */; };
		32C06C612C9106A200D3676D /* CurrentWordView.swift in Sources */ = {isa = PBXBuildFile; fileRef = 32C06C602C9106A200D3676D /* CurrentWordView.swift */; };
		32C06C632C91082200D3676D /* GameManager.swift in Sources */ = {isa = PBXBuildFile; fileRef = 32C06C622C91082200D3676D /* GameManager.swift */; };
		32C06C652C9132B200D3676D /* HeartsView.swift in Sources */ = {isa = PBXBuildFile; fileRef = 32C06C642C9132B200D3676D /* HeartsView.swift */; };
		32C06C692C92163A00D3676D /* Game.swift in Sources */ = {isa = PBXBuildFile; fileRef = 32C06C682C92163A00D3676D /* Game.swift */; };
		32D23A2E2CA264F6002C4F04 /* KeyboardView.swift in Sources */ = {isa = PBXBuildFile; fileRef = 32D23A2D2CA264F6002C4F04 /* KeyboardView.swift */; };
		32EF33D32C8E70D4000850A5 /* FirebaseService.swift in Sources */ = {isa = PBXBuildFile; fileRef = 32EF33D22C8E70D4000850A5 /* FirebaseService.swift */; };
		32EF33D62C8E7247000850A5 /* MyUser.swift in Sources */ = {isa = PBXBuildFile; fileRef = 32EF33D52C8E7247000850A5 /* MyUser.swift */; };
		32EF33D82C8E7E81000850A5 /* CreateRoomViewController.swift in Sources */ = {isa = PBXBuildFile; fileRef = 32EF33D72C8E7E81000850A5 /* CreateRoomViewController.swift */; };
		32EF33DA2C8E801F000850A5 /* RoomTitleTableViewCell.swift in Sources */ = {isa = PBXBuildFile; fileRef = 32EF33D92C8E801F000850A5 /* RoomTitleTableViewCell.swift */; };
		32EF33DC2C8E8E2D000850A5 /* Room.swift in Sources */ = {isa = PBXBuildFile; fileRef = 32EF33DB2C8E8E2D000850A5 /* Room.swift */; };
		32EF33DF2C8FAFE8000850A5 /* FirebaseDatabase in Frameworks */ = {isa = PBXBuildFile; productRef = 32EF33DE2C8FAFE8000850A5 /* FirebaseDatabase */; };
		32F64FEE2C9B6C6B0046C20E /* ticking.wav in Resources */ = {isa = PBXBuildFile; fileRef = 32F64FED2C9B6C6B0046C20E /* ticking.wav */; };
		32F64FF02C9B77A50046C20E /* TurnTimer.swift in Sources */ = {isa = PBXBuildFile; fileRef = 32F64FEF2C9B77A50046C20E /* TurnTimer.swift */; };
		32F9565B2CB0620F00DAA6E6 /* SettingsViewController.swift in Sources */ = {isa = PBXBuildFile; fileRef = 32F9565A2CB0620F00DAA6E6 /* SettingsViewController.swift */; };
		32F9565D2CB0628E00DAA6E6 /* SettingsTableViewCell.swift in Sources */ = {isa = PBXBuildFile; fileRef = 32F9565C2CB0628E00DAA6E6 /* SettingsTableViewCell.swift */; };
		32F9565F2CB0637000DAA6E6 /* SignInTableViewCell.swift in Sources */ = {isa = PBXBuildFile; fileRef = 32F9565E2CB0637000DAA6E6 /* SignInTableViewCell.swift */; };
		32F956612CB065C500DAA6E6 /* SignOutTableViewCell.swift in Sources */ = {isa = PBXBuildFile; fileRef = 32F956602CB065C500DAA6E6 /* SignOutTableViewCell.swift */; };
		32F956652CB0755000DAA6E6 /* SettingsHeaderView.swift in Sources */ = {isa = PBXBuildFile; fileRef = 32F956642CB0755000DAA6E6 /* SettingsHeaderView.swift */; };
		32F956672CB1DEB500DAA6E6 /* FirebaseStorage in Frameworks */ = {isa = PBXBuildFile; productRef = 32F956662CB1DEB500DAA6E6 /* FirebaseStorage */; };
		32F956692CB3256A00DAA6E6 /* ChatViewController.swift in Sources */ = {isa = PBXBuildFile; fileRef = 32F956682CB3256A00DAA6E6 /* ChatViewController.swift */; };
		32F9566B2CB3275C00DAA6E6 /* MessageTableViewCell.swift in Sources */ = {isa = PBXBuildFile; fileRef = 32F9566A2CB3275C00DAA6E6 /* MessageTableViewCell.swift */; };
		32F9566D2CB32AE800DAA6E6 /* Message.swift in Sources */ = {isa = PBXBuildFile; fileRef = 32F9566C2CB32AE800DAA6E6 /* Message.swift */; };
/* End PBXBuildFile section */

/* Begin PBXFileReference section */
		3213982F2CB4476600A636A7 /* ChatManager.swift */ = {isa = PBXFileReference; lastKnownFileType = sourcecode.swift; path = ChatManager.swift; sourceTree = "<group>"; };
		321398312CB4630A00A636A7 /* AddMessageView.swift */ = {isa = PBXFileReference; lastKnownFileType = sourcecode.swift; path = AddMessageView.swift; sourceTree = "<group>"; };
		321398352CBAF78400A636A7 /* AuthViewController.swift */ = {isa = PBXFileReference; lastKnownFileType = sourcecode.swift; path = AuthViewController.swift; sourceTree = "<group>"; };
		321398392CBAFA2200A636A7 /* LoginViewController.swift */ = {isa = PBXFileReference; lastKnownFileType = sourcecode.swift; path = LoginViewController.swift; sourceTree = "<group>"; };
		3213983B2CBAFB5400A636A7 /* SignUpViewController.swift */ = {isa = PBXFileReference; lastKnownFileType = sourcecode.swift; path = SignUpViewController.swift; sourceTree = "<group>"; };
		3213983D2CBB08DD00A636A7 /* DividerView.swift */ = {isa = PBXFileReference; lastKnownFileType = sourcecode.swift; path = DividerView.swift; sourceTree = "<group>"; };
		3213983F2CBC6B0200A636A7 /* OIOIOIBaka.entitlements */ = {isa = PBXFileReference; lastKnownFileType = text.plist.entitlements; path = OIOIOIBaka.entitlements; sourceTree = "<group>"; };
		321398402CBCD89D00A636A7 /* Settings.swift */ = {isa = PBXFileReference; lastKnownFileType = sourcecode.swift; path = Settings.swift; sourceTree = "<group>"; };
		321398442CBDFB6400A636A7 /* snip.wav */ = {isa = PBXFileReference; lastKnownFileType = audio.wav; path = snip.wav; sourceTree = "<group>"; };
		321398462CC04F2500A636A7 /* thud.mp3 */ = {isa = PBXFileReference; lastKnownFileType = audio.mp3; path = thud.mp3; sourceTree = "<group>"; };
		32610AEB2C98C9440011946E /* ArrowView.swift */ = {isa = PBXFileReference; lastKnownFileType = sourcecode.swift; path = ArrowView.swift; sourceTree = "<group>"; };
		32610AF02C9929390011946E /* ding.mp3 */ = {isa = PBXFileReference; lastKnownFileType = audio.mp3; path = ding.mp3; sourceTree = "<group>"; };
		32610AF22C992D2B0011946E /* bonk.mp3 */ = {isa = PBXFileReference; lastKnownFileType = audio.mp3; path = bonk.mp3; sourceTree = "<group>"; };
		32610AF42C9930140011946E /* SoundManager.swift */ = {isa = PBXFileReference; lastKnownFileType = sourcecode.swift; path = SoundManager.swift; sourceTree = "<group>"; };
		32610AF62C9A28CB0011946E /* GameView.swift */ = {isa = PBXFileReference; lastKnownFileType = sourcecode.swift; path = GameView.swift; sourceTree = "<group>"; };
		32610AFA2C9A6D420011946E /* CountDownView.swift */ = {isa = PBXFileReference; lastKnownFileType = sourcecode.swift; path = CountDownView.swift; sourceTree = "<group>"; };
		326F93AD2C8B928E00B28F04 /* OIOIOIBaka.app */ = {isa = PBXFileReference; explicitFileType = wrapper.application; includeInIndex = 0; path = OIOIOIBaka.app; sourceTree = BUILT_PRODUCTS_DIR; };
		326F93B02C8B928E00B28F04 /* AppDelegate.swift */ = {isa = PBXFileReference; lastKnownFileType = sourcecode.swift; path = AppDelegate.swift; sourceTree = "<group>"; };
		326F93B22C8B928E00B28F04 /* SceneDelegate.swift */ = {isa = PBXFileReference; lastKnownFileType = sourcecode.swift; path = SceneDelegate.swift; sourceTree = "<group>"; };
		326F93B42C8B928E00B28F04 /* HomeViewController.swift */ = {isa = PBXFileReference; lastKnownFileType = sourcecode.swift; path = HomeViewController.swift; sourceTree = "<group>"; };
		326F93B92C8B928F00B28F04 /* Assets.xcassets */ = {isa = PBXFileReference; lastKnownFileType = folder.assetcatalog; path = Assets.xcassets; sourceTree = "<group>"; };
		326F93BC2C8B928F00B28F04 /* Base */ = {isa = PBXFileReference; lastKnownFileType = file.storyboard; name = Base; path = Base.lproj/LaunchScreen.storyboard; sourceTree = "<group>"; };
		326F93BE2C8B928F00B28F04 /* Info.plist */ = {isa = PBXFileReference; lastKnownFileType = text.plist.xml; path = Info.plist; sourceTree = "<group>"; };
		326F93CC2C8BC63000B28F04 /* HomeHeaderCollectionViewCell.swift */ = {isa = PBXFileReference; lastKnownFileType = sourcecode.swift; path = HomeHeaderCollectionViewCell.swift; sourceTree = "<group>"; };
		326F93D12C8BD95600B28F04 /* LineView.swift */ = {isa = PBXFileReference; lastKnownFileType = sourcecode.swift; path = LineView.swift; sourceTree = "<group>"; };
		326F93D32C8BE2B100B28F04 /* RoomCollectionViewCell.swift */ = {isa = PBXFileReference; lastKnownFileType = sourcecode.swift; path = RoomCollectionViewCell.swift; sourceTree = "<group>"; };
		326F93E02C8CE9C600B28F04 /* GoogleService-Info.plist */ = {isa = PBXFileReference; fileEncoding = 4; lastKnownFileType = text.plist.xml; path = "GoogleService-Info.plist"; sourceTree = "<group>"; };
		32C06C582C90E85200D3676D /* Item.swift */ = {isa = PBXFileReference; lastKnownFileType = sourcecode.swift; path = Item.swift; sourceTree = "<group>"; };
		32C06C5A2C90F41900D3676D /* PlayerView.swift */ = {isa = PBXFileReference; lastKnownFileType = sourcecode.swift; path = PlayerView.swift; sourceTree = "<group>"; };
		32C06C5C2C90F6D800D3676D /* ProfileImageView.swift */ = {isa = PBXFileReference; lastKnownFileType = sourcecode.swift; path = ProfileImageView.swift; sourceTree = "<group>"; };
		32C06C5E2C9104DB00D3676D /* GameViewController.swift */ = {isa = PBXFileReference; lastKnownFileType = sourcecode.swift; path = GameViewController.swift; sourceTree = "<group>"; };
		32C06C602C9106A200D3676D /* CurrentWordView.swift */ = {isa = PBXFileReference; lastKnownFileType = sourcecode.swift; path = CurrentWordView.swift; sourceTree = "<group>"; };
		32C06C622C91082200D3676D /* GameManager.swift */ = {isa = PBXFileReference; lastKnownFileType = sourcecode.swift; path = GameManager.swift; sourceTree = "<group>"; };
		32C06C642C9132B200D3676D /* HeartsView.swift */ = {isa = PBXFileReference; lastKnownFileType = sourcecode.swift; path = HeartsView.swift; sourceTree = "<group>"; };
		32C06C682C92163A00D3676D /* Game.swift */ = {isa = PBXFileReference; lastKnownFileType = sourcecode.swift; path = Game.swift; sourceTree = "<group>"; };
		32D23A2D2CA264F6002C4F04 /* KeyboardView.swift */ = {isa = PBXFileReference; lastKnownFileType = sourcecode.swift; path = KeyboardView.swift; sourceTree = "<group>"; };
		32EF33D22C8E70D4000850A5 /* FirebaseService.swift */ = {isa = PBXFileReference; lastKnownFileType = sourcecode.swift; path = FirebaseService.swift; sourceTree = "<group>"; };
		32EF33D52C8E7247000850A5 /* MyUser.swift */ = {isa = PBXFileReference; lastKnownFileType = sourcecode.swift; path = MyUser.swift; sourceTree = "<group>"; };
		32EF33D72C8E7E81000850A5 /* CreateRoomViewController.swift */ = {isa = PBXFileReference; lastKnownFileType = sourcecode.swift; path = CreateRoomViewController.swift; sourceTree = "<group>"; };
		32EF33D92C8E801F000850A5 /* RoomTitleTableViewCell.swift */ = {isa = PBXFileReference; lastKnownFileType = sourcecode.swift; path = RoomTitleTableViewCell.swift; sourceTree = "<group>"; };
		32EF33DB2C8E8E2D000850A5 /* Room.swift */ = {isa = PBXFileReference; lastKnownFileType = sourcecode.swift; path = Room.swift; sourceTree = "<group>"; };
		32F64FED2C9B6C6B0046C20E /* ticking.wav */ = {isa = PBXFileReference; lastKnownFileType = audio.wav; path = ticking.wav; sourceTree = "<group>"; };
		32F64FEF2C9B77A50046C20E /* TurnTimer.swift */ = {isa = PBXFileReference; lastKnownFileType = sourcecode.swift; path = TurnTimer.swift; sourceTree = "<group>"; };
		32F9565A2CB0620F00DAA6E6 /* SettingsViewController.swift */ = {isa = PBXFileReference; lastKnownFileType = sourcecode.swift; path = SettingsViewController.swift; sourceTree = "<group>"; };
		32F9565C2CB0628E00DAA6E6 /* SettingsTableViewCell.swift */ = {isa = PBXFileReference; lastKnownFileType = sourcecode.swift; path = SettingsTableViewCell.swift; sourceTree = "<group>"; };
		32F9565E2CB0637000DAA6E6 /* SignInTableViewCell.swift */ = {isa = PBXFileReference; lastKnownFileType = sourcecode.swift; path = SignInTableViewCell.swift; sourceTree = "<group>"; };
		32F956602CB065C500DAA6E6 /* SignOutTableViewCell.swift */ = {isa = PBXFileReference; lastKnownFileType = sourcecode.swift; path = SignOutTableViewCell.swift; sourceTree = "<group>"; };
		32F956642CB0755000DAA6E6 /* SettingsHeaderView.swift */ = {isa = PBXFileReference; lastKnownFileType = sourcecode.swift; path = SettingsHeaderView.swift; sourceTree = "<group>"; };
		32F956682CB3256A00DAA6E6 /* ChatViewController.swift */ = {isa = PBXFileReference; lastKnownFileType = sourcecode.swift; path = ChatViewController.swift; sourceTree = "<group>"; };
		32F9566A2CB3275C00DAA6E6 /* MessageTableViewCell.swift */ = {isa = PBXFileReference; lastKnownFileType = sourcecode.swift; path = MessageTableViewCell.swift; sourceTree = "<group>"; };
		32F9566C2CB32AE800DAA6E6 /* Message.swift */ = {isa = PBXFileReference; lastKnownFileType = sourcecode.swift; path = Message.swift; sourceTree = "<group>"; };
/* End PBXFileReference section */

/* Begin PBXFrameworksBuildPhase section */
		326F93AA2C8B928E00B28F04 /* Frameworks */ = {
			isa = PBXFrameworksBuildPhase;
			buildActionMask = 2147483647;
			files = (
				326F93E42C8CEA0C00B28F04 /* GoogleSignIn in Frameworks */,
				326F93D92C8CE5E700B28F04 /* FirebaseAnalytics in Frameworks */,
				326F93DB2C8CE5E700B28F04 /* FirebaseAuth in Frameworks */,
				326F93E62C8CEA0C00B28F04 /* GoogleSignInSwift in Frameworks */,
				326F93DD2C8CE5E700B28F04 /* FirebaseFirestore in Frameworks */,
				32F956672CB1DEB500DAA6E6 /* FirebaseStorage in Frameworks */,
				32EF33DF2C8FAFE8000850A5 /* FirebaseDatabase in Frameworks */,
				326F93DF2C8CE5E700B28F04 /* FirebaseFunctions in Frameworks */,
			);
			runOnlyForDeploymentPostprocessing = 0;
		};
/* End PBXFrameworksBuildPhase section */

/* Begin PBXGroup section */
		32610AEF2C99291F0011946E /* SoundEffects */ = {
			isa = PBXGroup;
			children = (
				321398462CC04F2500A636A7 /* thud.mp3 */,
				321398442CBDFB6400A636A7 /* snip.wav */,
				32F64FED2C9B6C6B0046C20E /* ticking.wav */,
				32610AF02C9929390011946E /* ding.mp3 */,
				32610AF22C992D2B0011946E /* bonk.mp3 */,
			);
			path = SoundEffects;
			sourceTree = "<group>";
		};
		326F93A42C8B928E00B28F04 = {
			isa = PBXGroup;
			children = (
				326F93AF2C8B928E00B28F04 /* OIOIOIBaka */,
				326F93AE2C8B928E00B28F04 /* Products */,
				32EF33DD2C8FAFE8000850A5 /* Frameworks */,
			);
			sourceTree = "<group>";
		};
		326F93AE2C8B928E00B28F04 /* Products */ = {
			isa = PBXGroup;
			children = (
				326F93AD2C8B928E00B28F04 /* OIOIOIBaka.app */,
			);
			name = Products;
			sourceTree = "<group>";
		};
		326F93AF2C8B928E00B28F04 /* OIOIOIBaka */ = {
			isa = PBXGroup;
			children = (
				3213983F2CBC6B0200A636A7 /* OIOIOIBaka.entitlements */,
				32610AEF2C99291F0011946E /* SoundEffects */,
				326F93CE2C8BCA0200B28F04 /* Cells */,
				326F93C52C8BBAF600B28F04 /* Views */,
				326F93C42C8BBAEE00B28F04 /* ViewControllers */,
				326F93B02C8B928E00B28F04 /* AppDelegate.swift */,
				326F93B22C8B928E00B28F04 /* SceneDelegate.swift */,
				326F93B92C8B928F00B28F04 /* Assets.xcassets */,
				32EF33D42C8E7229000850A5 /* Models */,
				326F93BB2C8B928F00B28F04 /* LaunchScreen.storyboard */,
				326F93BE2C8B928F00B28F04 /* Info.plist */,
				326F93E02C8CE9C600B28F04 /* GoogleService-Info.plist */,
				32EF33D22C8E70D4000850A5 /* FirebaseService.swift */,
				32C06C622C91082200D3676D /* GameManager.swift */,
				32610AF42C9930140011946E /* SoundManager.swift */,
				32F64FEF2C9B77A50046C20E /* TurnTimer.swift */,
				3213982F2CB4476600A636A7 /* ChatManager.swift */,
				321398402CBCD89D00A636A7 /* Settings.swift */,
			);
			path = OIOIOIBaka;
			sourceTree = "<group>";
		};
		326F93C42C8BBAEE00B28F04 /* ViewControllers */ = {
			isa = PBXGroup;
			children = (
				321398392CBAFA2200A636A7 /* LoginViewController.swift */,
				326F93B42C8B928E00B28F04 /* HomeViewController.swift */,
				32EF33D72C8E7E81000850A5 /* CreateRoomViewController.swift */,
				32C06C582C90E85200D3676D /* Item.swift */,
				32C06C5E2C9104DB00D3676D /* GameViewController.swift */,
				32F9565A2CB0620F00DAA6E6 /* SettingsViewController.swift */,
				32F956682CB3256A00DAA6E6 /* ChatViewController.swift */,
				321398352CBAF78400A636A7 /* AuthViewController.swift */,
				3213983B2CBAFB5400A636A7 /* SignUpViewController.swift */,
			);
			path = ViewControllers;
			sourceTree = "<group>";
		};
		326F93C52C8BBAF600B28F04 /* Views */ = {
			isa = PBXGroup;
			children = (
				32610AF62C9A28CB0011946E /* GameView.swift */,
				326F93D12C8BD95600B28F04 /* LineView.swift */,
				32C06C5A2C90F41900D3676D /* PlayerView.swift */,
				32C06C5C2C90F6D800D3676D /* ProfileImageView.swift */,
				32C06C602C9106A200D3676D /* CurrentWordView.swift */,
				32C06C642C9132B200D3676D /* HeartsView.swift */,
				32610AEB2C98C9440011946E /* ArrowView.swift */,
				32610AFA2C9A6D420011946E /* CountDownView.swift */,
				32D23A2D2CA264F6002C4F04 /* KeyboardView.swift */,
				32F956642CB0755000DAA6E6 /* SettingsHeaderView.swift */,
				321398312CB4630A00A636A7 /* AddMessageView.swift */,
				3213983D2CBB08DD00A636A7 /* DividerView.swift */,
			);
			path = Views;
			sourceTree = "<group>";
		};
		326F93CE2C8BCA0200B28F04 /* Cells */ = {
			isa = PBXGroup;
			children = (
				326F93CC2C8BC63000B28F04 /* HomeHeaderCollectionViewCell.swift */,
				326F93D32C8BE2B100B28F04 /* RoomCollectionViewCell.swift */,
				32EF33D92C8E801F000850A5 /* RoomTitleTableViewCell.swift */,
				32F9565C2CB0628E00DAA6E6 /* SettingsTableViewCell.swift */,
				32F9565E2CB0637000DAA6E6 /* SignInTableViewCell.swift */,
				32F956602CB065C500DAA6E6 /* SignOutTableViewCell.swift */,
				32F9566A2CB3275C00DAA6E6 /* MessageTableViewCell.swift */,
			);
			path = Cells;
			sourceTree = "<group>";
		};
		32EF33D42C8E7229000850A5 /* Models */ = {
			isa = PBXGroup;
			children = (
				32EF33D52C8E7247000850A5 /* MyUser.swift */,
				32EF33DB2C8E8E2D000850A5 /* Room.swift */,
				32C06C682C92163A00D3676D /* Game.swift */,
				32F9566C2CB32AE800DAA6E6 /* Message.swift */,
			);
			path = Models;
			sourceTree = "<group>";
		};
		32EF33DD2C8FAFE8000850A5 /* Frameworks */ = {
			isa = PBXGroup;
			children = (
			);
			name = Frameworks;
			sourceTree = "<group>";
		};
/* End PBXGroup section */

/* Begin PBXNativeTarget section */
		326F93AC2C8B928E00B28F04 /* OIOIOIBaka */ = {
			isa = PBXNativeTarget;
			buildConfigurationList = 326F93C12C8B928F00B28F04 /* Build configuration list for PBXNativeTarget "OIOIOIBaka" */;
			buildPhases = (
				326F93A92C8B928E00B28F04 /* Sources */,
				326F93AA2C8B928E00B28F04 /* Frameworks */,
				326F93AB2C8B928E00B28F04 /* Resources */,
			);
			buildRules = (
			);
			dependencies = (
			);
			name = OIOIOIBaka;
			packageProductDependencies = (
				326F93D82C8CE5E700B28F04 /* FirebaseAnalytics */,
				326F93DA2C8CE5E700B28F04 /* FirebaseAuth */,
				326F93DC2C8CE5E700B28F04 /* FirebaseFirestore */,
				326F93DE2C8CE5E700B28F04 /* FirebaseFunctions */,
				326F93E32C8CEA0C00B28F04 /* GoogleSignIn */,
				326F93E52C8CEA0C00B28F04 /* GoogleSignInSwift */,
				32EF33DE2C8FAFE8000850A5 /* FirebaseDatabase */,
				32F956662CB1DEB500DAA6E6 /* FirebaseStorage */,
			);
			productName = OIOIOIBaka;
			productReference = 326F93AD2C8B928E00B28F04 /* OIOIOIBaka.app */;
			productType = "com.apple.product-type.application";
		};
/* End PBXNativeTarget section */

/* Begin PBXProject section */
		326F93A52C8B928E00B28F04 /* Project object */ = {
			isa = PBXProject;
			attributes = {
				BuildIndependentTargetsInParallel = 1;
				LastSwiftUpdateCheck = 1540;
				LastUpgradeCheck = 1540;
				TargetAttributes = {
					326F93AC2C8B928E00B28F04 = {
						CreatedOnToolsVersion = 15.4;
					};
				};
			};
			buildConfigurationList = 326F93A82C8B928E00B28F04 /* Build configuration list for PBXProject "OIOIOIBaka" */;
			compatibilityVersion = "Xcode 14.0";
			developmentRegion = en;
			hasScannedForEncodings = 0;
			knownRegions = (
				en,
				Base,
			);
			mainGroup = 326F93A42C8B928E00B28F04;
			packageReferences = (
				326F93D72C8CE5E700B28F04 /* XCRemoteSwiftPackageReference "firebase-ios-sdk" */,
				326F93E22C8CEA0C00B28F04 /* XCRemoteSwiftPackageReference "GoogleSignIn-iOS" */,
			);
			productRefGroup = 326F93AE2C8B928E00B28F04 /* Products */;
			projectDirPath = "";
			projectRoot = "";
			targets = (
				326F93AC2C8B928E00B28F04 /* OIOIOIBaka */,
			);
		};
/* End PBXProject section */

/* Begin PBXResourcesBuildPhase section */
		326F93AB2C8B928E00B28F04 /* Resources */ = {
			isa = PBXResourcesBuildPhase;
			buildActionMask = 2147483647;
			files = (
				32F64FEE2C9B6C6B0046C20E /* ticking.wav in Resources */,
				32610AF12C9929390011946E /* ding.mp3 in Resources */,
				32610AF32C992D2B0011946E /* bonk.mp3 in Resources */,
				321398472CC04F2500A636A7 /* thud.mp3 in Resources */,
				326F93BA2C8B928F00B28F04 /* Assets.xcassets in Resources */,
				326F93E12C8CE9C600B28F04 /* GoogleService-Info.plist in Resources */,
				326F93BD2C8B928F00B28F04 /* Base in Resources */,
				321398452CBDFB6500A636A7 /* snip.wav in Resources */,
			);
			runOnlyForDeploymentPostprocessing = 0;
		};
/* End PBXResourcesBuildPhase section */

/* Begin PBXSourcesBuildPhase section */
		326F93A92C8B928E00B28F04 /* Sources */ = {
			isa = PBXSourcesBuildPhase;
			buildActionMask = 2147483647;
			files = (
				32610AFB2C9A6D420011946E /* CountDownView.swift in Sources */,
				32F9565F2CB0637000DAA6E6 /* SignInTableViewCell.swift in Sources */,
				32F9566D2CB32AE800DAA6E6 /* Message.swift in Sources */,
				326F93B52C8B928E00B28F04 /* HomeViewController.swift in Sources */,
				32EF33DA2C8E801F000850A5 /* RoomTitleTableViewCell.swift in Sources */,
				326F93B12C8B928E00B28F04 /* AppDelegate.swift in Sources */,
				326F93B32C8B928E00B28F04 /* SceneDelegate.swift in Sources */,
				321398322CB4630A00A636A7 /* AddMessageView.swift in Sources */,
				32F956652CB0755000DAA6E6 /* SettingsHeaderView.swift in Sources */,
				32C06C592C90E85200D3676D /* Item.swift in Sources */,
				32610AEC2C98C9440011946E /* ArrowView.swift in Sources */,
				32D23A2E2CA264F6002C4F04 /* KeyboardView.swift in Sources */,
				326F93D22C8BD95600B28F04 /* LineView.swift in Sources */,
				3213983A2CBAFA2200A636A7 /* LoginViewController.swift in Sources */,
				32EF33D82C8E7E81000850A5 /* CreateRoomViewController.swift in Sources */,
				32C06C632C91082200D3676D /* GameManager.swift in Sources */,
				32C06C652C9132B200D3676D /* HeartsView.swift in Sources */,
				321398362CBAF78400A636A7 /* AuthViewController.swift in Sources */,
				32C06C5B2C90F41900D3676D /* PlayerView.swift in Sources */,
				32F956612CB065C500DAA6E6 /* SignOutTableViewCell.swift in Sources */,
				32610AF72C9A28CB0011946E /* GameView.swift in Sources */,
				32C06C692C92163A00D3676D /* Game.swift in Sources */,
				32F64FF02C9B77A50046C20E /* TurnTimer.swift in Sources */,
				32C06C5D2C90F6D800D3676D /* ProfileImageView.swift in Sources */,
				32F9565D2CB0628E00DAA6E6 /* SettingsTableViewCell.swift in Sources */,
				3213983E2CBB08DE00A636A7 /* DividerView.swift in Sources */,
				32EF33D32C8E70D4000850A5 /* FirebaseService.swift in Sources */,
				3213983C2CBAFB5400A636A7 /* SignUpViewController.swift in Sources */,
				32610AF52C9930140011946E /* SoundManager.swift in Sources */,
				321398302CB4476600A636A7 /* ChatManager.swift in Sources */,
				32C06C612C9106A200D3676D /* CurrentWordView.swift in Sources */,
				32C06C5F2C9104DB00D3676D /* GameViewController.swift in Sources */,
				32F9566B2CB3275C00DAA6E6 /* MessageTableViewCell.swift in Sources */,
				32F956692CB3256A00DAA6E6 /* ChatViewController.swift in Sources */,
				321398412CBCD89E00A636A7 /* Settings.swift in Sources */,
				326F93CD2C8BC63000B28F04 /* HomeHeaderCollectionViewCell.swift in Sources */,
				326F93D42C8BE2B200B28F04 /* RoomCollectionViewCell.swift in Sources */,
				32EF33D62C8E7247000850A5 /* MyUser.swift in Sources */,
				32EF33DC2C8E8E2D000850A5 /* Room.swift in Sources */,
				32F9565B2CB0620F00DAA6E6 /* SettingsViewController.swift in Sources */,
			);
			runOnlyForDeploymentPostprocessing = 0;
		};
/* End PBXSourcesBuildPhase section */

/* Begin PBXVariantGroup section */
		326F93BB2C8B928F00B28F04 /* LaunchScreen.storyboard */ = {
			isa = PBXVariantGroup;
			children = (
				326F93BC2C8B928F00B28F04 /* Base */,
			);
			name = LaunchScreen.storyboard;
			sourceTree = "<group>";
		};
/* End PBXVariantGroup section */

/* Begin XCBuildConfiguration section */
		326F93BF2C8B928F00B28F04 /* Debug */ = {
			isa = XCBuildConfiguration;
			buildSettings = {
				ALWAYS_SEARCH_USER_PATHS = NO;
				ASSETCATALOG_COMPILER_GENERATE_SWIFT_ASSET_SYMBOL_EXTENSIONS = YES;
				CLANG_ANALYZER_NONNULL = YES;
				CLANG_ANALYZER_NUMBER_OBJECT_CONVERSION = YES_AGGRESSIVE;
				CLANG_CXX_LANGUAGE_STANDARD = "gnu++20";
				CLANG_ENABLE_MODULES = YES;
				CLANG_ENABLE_OBJC_ARC = YES;
				CLANG_ENABLE_OBJC_WEAK = YES;
				CLANG_WARN_BLOCK_CAPTURE_AUTORELEASING = YES;
				CLANG_WARN_BOOL_CONVERSION = YES;
				CLANG_WARN_COMMA = YES;
				CLANG_WARN_CONSTANT_CONVERSION = YES;
				CLANG_WARN_DEPRECATED_OBJC_IMPLEMENTATIONS = YES;
				CLANG_WARN_DIRECT_OBJC_ISA_USAGE = YES_ERROR;
				CLANG_WARN_DOCUMENTATION_COMMENTS = YES;
				CLANG_WARN_EMPTY_BODY = YES;
				CLANG_WARN_ENUM_CONVERSION = YES;
				CLANG_WARN_INFINITE_RECURSION = YES;
				CLANG_WARN_INT_CONVERSION = YES;
				CLANG_WARN_NON_LITERAL_NULL_CONVERSION = YES;
				CLANG_WARN_OBJC_IMPLICIT_RETAIN_SELF = YES;
				CLANG_WARN_OBJC_LITERAL_CONVERSION = YES;
				CLANG_WARN_OBJC_ROOT_CLASS = YES_ERROR;
				CLANG_WARN_QUOTED_INCLUDE_IN_FRAMEWORK_HEADER = YES;
				CLANG_WARN_RANGE_LOOP_ANALYSIS = YES;
				CLANG_WARN_STRICT_PROTOTYPES = YES;
				CLANG_WARN_SUSPICIOUS_MOVE = YES;
				CLANG_WARN_UNGUARDED_AVAILABILITY = YES_AGGRESSIVE;
				CLANG_WARN_UNREACHABLE_CODE = YES;
				CLANG_WARN__DUPLICATE_METHOD_MATCH = YES;
				COPY_PHASE_STRIP = NO;
				DEBUG_INFORMATION_FORMAT = dwarf;
				ENABLE_STRICT_OBJC_MSGSEND = YES;
				ENABLE_TESTABILITY = YES;
				ENABLE_USER_SCRIPT_SANDBOXING = YES;
				GCC_C_LANGUAGE_STANDARD = gnu17;
				GCC_DYNAMIC_NO_PIC = NO;
				GCC_NO_COMMON_BLOCKS = YES;
				GCC_OPTIMIZATION_LEVEL = 0;
				GCC_PREPROCESSOR_DEFINITIONS = (
					"DEBUG=1",
					"$(inherited)",
				);
				GCC_WARN_64_TO_32_BIT_CONVERSION = YES;
				GCC_WARN_ABOUT_RETURN_TYPE = YES_ERROR;
				GCC_WARN_UNDECLARED_SELECTOR = YES;
				GCC_WARN_UNINITIALIZED_AUTOS = YES_AGGRESSIVE;
				GCC_WARN_UNUSED_FUNCTION = YES;
				GCC_WARN_UNUSED_VARIABLE = YES;
				IPHONEOS_DEPLOYMENT_TARGET = 17.5;
				LOCALIZATION_PREFERS_STRING_CATALOGS = YES;
				MTL_ENABLE_DEBUG_INFO = INCLUDE_SOURCE;
				MTL_FAST_MATH = YES;
				ONLY_ACTIVE_ARCH = YES;
				SDKROOT = iphoneos;
				SWIFT_ACTIVE_COMPILATION_CONDITIONS = "DEBUG $(inherited)";
				SWIFT_OPTIMIZATION_LEVEL = "-Onone";
			};
			name = Debug;
		};
		326F93C02C8B928F00B28F04 /* Release */ = {
			isa = XCBuildConfiguration;
			buildSettings = {
				ALWAYS_SEARCH_USER_PATHS = NO;
				ASSETCATALOG_COMPILER_GENERATE_SWIFT_ASSET_SYMBOL_EXTENSIONS = YES;
				CLANG_ANALYZER_NONNULL = YES;
				CLANG_ANALYZER_NUMBER_OBJECT_CONVERSION = YES_AGGRESSIVE;
				CLANG_CXX_LANGUAGE_STANDARD = "gnu++20";
				CLANG_ENABLE_MODULES = YES;
				CLANG_ENABLE_OBJC_ARC = YES;
				CLANG_ENABLE_OBJC_WEAK = YES;
				CLANG_WARN_BLOCK_CAPTURE_AUTORELEASING = YES;
				CLANG_WARN_BOOL_CONVERSION = YES;
				CLANG_WARN_COMMA = YES;
				CLANG_WARN_CONSTANT_CONVERSION = YES;
				CLANG_WARN_DEPRECATED_OBJC_IMPLEMENTATIONS = YES;
				CLANG_WARN_DIRECT_OBJC_ISA_USAGE = YES_ERROR;
				CLANG_WARN_DOCUMENTATION_COMMENTS = YES;
				CLANG_WARN_EMPTY_BODY = YES;
				CLANG_WARN_ENUM_CONVERSION = YES;
				CLANG_WARN_INFINITE_RECURSION = YES;
				CLANG_WARN_INT_CONVERSION = YES;
				CLANG_WARN_NON_LITERAL_NULL_CONVERSION = YES;
				CLANG_WARN_OBJC_IMPLICIT_RETAIN_SELF = YES;
				CLANG_WARN_OBJC_LITERAL_CONVERSION = YES;
				CLANG_WARN_OBJC_ROOT_CLASS = YES_ERROR;
				CLANG_WARN_QUOTED_INCLUDE_IN_FRAMEWORK_HEADER = YES;
				CLANG_WARN_RANGE_LOOP_ANALYSIS = YES;
				CLANG_WARN_STRICT_PROTOTYPES = YES;
				CLANG_WARN_SUSPICIOUS_MOVE = YES;
				CLANG_WARN_UNGUARDED_AVAILABILITY = YES_AGGRESSIVE;
				CLANG_WARN_UNREACHABLE_CODE = YES;
				CLANG_WARN__DUPLICATE_METHOD_MATCH = YES;
				COPY_PHASE_STRIP = NO;
				DEBUG_INFORMATION_FORMAT = "dwarf-with-dsym";
				ENABLE_NS_ASSERTIONS = NO;
				ENABLE_STRICT_OBJC_MSGSEND = YES;
				ENABLE_USER_SCRIPT_SANDBOXING = YES;
				GCC_C_LANGUAGE_STANDARD = gnu17;
				GCC_NO_COMMON_BLOCKS = YES;
				GCC_WARN_64_TO_32_BIT_CONVERSION = YES;
				GCC_WARN_ABOUT_RETURN_TYPE = YES_ERROR;
				GCC_WARN_UNDECLARED_SELECTOR = YES;
				GCC_WARN_UNINITIALIZED_AUTOS = YES_AGGRESSIVE;
				GCC_WARN_UNUSED_FUNCTION = YES;
				GCC_WARN_UNUSED_VARIABLE = YES;
				IPHONEOS_DEPLOYMENT_TARGET = 17.5;
				LOCALIZATION_PREFERS_STRING_CATALOGS = YES;
				MTL_ENABLE_DEBUG_INFO = NO;
				MTL_FAST_MATH = YES;
				SDKROOT = iphoneos;
				SWIFT_COMPILATION_MODE = wholemodule;
				VALIDATE_PRODUCT = YES;
			};
			name = Release;
		};
		326F93C22C8B928F00B28F04 /* Debug */ = {
			isa = XCBuildConfiguration;
			buildSettings = {
				ASSETCATALOG_COMPILER_APPICON_NAME = AppIcon;
				ASSETCATALOG_COMPILER_GLOBAL_ACCENT_COLOR_NAME = AccentColor;
				CODE_SIGN_ENTITLEMENTS = OIOIOIBaka/OIOIOIBaka.entitlements;
				CODE_SIGN_STYLE = Automatic;
				CURRENT_PROJECT_VERSION = 1;
				DEVELOPMENT_TEAM = 8KHAQ7W8KV;
				GENERATE_INFOPLIST_FILE = YES;
				INFOPLIST_FILE = OIOIOIBaka/Info.plist;
				INFOPLIST_KEY_UIApplicationSupportsIndirectInputEvents = YES;
				INFOPLIST_KEY_UILaunchStoryboardName = LaunchScreen;
				INFOPLIST_KEY_UISupportedInterfaceOrientations_iPad = "UIInterfaceOrientationPortrait UIInterfaceOrientationPortraitUpsideDown UIInterfaceOrientationLandscapeLeft UIInterfaceOrientationLandscapeRight";
				INFOPLIST_KEY_UISupportedInterfaceOrientations_iPhone = "UIInterfaceOrientationPortrait UIInterfaceOrientationLandscapeLeft UIInterfaceOrientationLandscapeRight";
				LD_RUNPATH_SEARCH_PATHS = (
					"$(inherited)",
					"@executable_path/Frameworks",
				);
				MARKETING_VERSION = 1.0;
				PRODUCT_BUNDLE_IDENTIFIER = com.timmynguyen.OIOIOIBaka;
				PRODUCT_NAME = "$(TARGET_NAME)";
				SWIFT_EMIT_LOC_STRINGS = YES;
				SWIFT_VERSION = 5.0;
				TARGETED_DEVICE_FAMILY = "1,2";
			};
			name = Debug;
		};
		326F93C32C8B928F00B28F04 /* Release */ = {
			isa = XCBuildConfiguration;
			buildSettings = {
				ASSETCATALOG_COMPILER_APPICON_NAME = AppIcon;
				ASSETCATALOG_COMPILER_GLOBAL_ACCENT_COLOR_NAME = AccentColor;
				CODE_SIGN_ENTITLEMENTS = OIOIOIBaka/OIOIOIBaka.entitlements;
				CODE_SIGN_STYLE = Automatic;
				CURRENT_PROJECT_VERSION = 1;
				DEVELOPMENT_TEAM = 8KHAQ7W8KV;
				GENERATE_INFOPLIST_FILE = YES;
				INFOPLIST_FILE = OIOIOIBaka/Info.plist;
				INFOPLIST_KEY_UIApplicationSupportsIndirectInputEvents = YES;
				INFOPLIST_KEY_UILaunchStoryboardName = LaunchScreen;
				INFOPLIST_KEY_UISupportedInterfaceOrientations_iPad = "UIInterfaceOrientationPortrait UIInterfaceOrientationPortraitUpsideDown UIInterfaceOrientationLandscapeLeft UIInterfaceOrientationLandscapeRight";
				INFOPLIST_KEY_UISupportedInterfaceOrientations_iPhone = "UIInterfaceOrientationPortrait UIInterfaceOrientationLandscapeLeft UIInterfaceOrientationLandscapeRight";
				LD_RUNPATH_SEARCH_PATHS = (
					"$(inherited)",
					"@executable_path/Frameworks",
				);
				MARKETING_VERSION = 1.0;
				PRODUCT_BUNDLE_IDENTIFIER = com.timmynguyen.OIOIOIBaka;
				PRODUCT_NAME = "$(TARGET_NAME)";
				SWIFT_EMIT_LOC_STRINGS = YES;
				SWIFT_VERSION = 5.0;
				TARGETED_DEVICE_FAMILY = "1,2";
			};
			name = Release;
		};
/* End XCBuildConfiguration section */

/* Begin XCConfigurationList section */
		326F93A82C8B928E00B28F04 /* Build configuration list for PBXProject "OIOIOIBaka" */ = {
			isa = XCConfigurationList;
			buildConfigurations = (
				326F93BF2C8B928F00B28F04 /* Debug */,
				326F93C02C8B928F00B28F04 /* Release */,
			);
			defaultConfigurationIsVisible = 0;
			defaultConfigurationName = Release;
		};
		326F93C12C8B928F00B28F04 /* Build configuration list for PBXNativeTarget "OIOIOIBaka" */ = {
			isa = XCConfigurationList;
			buildConfigurations = (
				326F93C22C8B928F00B28F04 /* Debug */,
				326F93C32C8B928F00B28F04 /* Release */,
			);
			defaultConfigurationIsVisible = 0;
			defaultConfigurationName = Release;
		};
/* End XCConfigurationList section */

/* Begin XCRemoteSwiftPackageReference section */
		326F93D72C8CE5E700B28F04 /* XCRemoteSwiftPackageReference "firebase-ios-sdk" */ = {
			isa = XCRemoteSwiftPackageReference;
			repositoryURL = "https://github.com/firebase/firebase-ios-sdk.git";
			requirement = {
				kind = upToNextMajorVersion;
				minimumVersion = 11.1.0;
			};
		};
		326F93E22C8CEA0C00B28F04 /* XCRemoteSwiftPackageReference "GoogleSignIn-iOS" */ = {
			isa = XCRemoteSwiftPackageReference;
			repositoryURL = "https://github.com/google/GoogleSignIn-iOS";
			requirement = {
				kind = upToNextMajorVersion;
				minimumVersion = 8.0.0;
			};
		};
/* End XCRemoteSwiftPackageReference section */

/* Begin XCSwiftPackageProductDependency section */
		326F93D82C8CE5E700B28F04 /* FirebaseAnalytics */ = {
			isa = XCSwiftPackageProductDependency;
			package = 326F93D72C8CE5E700B28F04 /* XCRemoteSwiftPackageReference "firebase-ios-sdk" */;
			productName = FirebaseAnalytics;
		};
		326F93DA2C8CE5E700B28F04 /* FirebaseAuth */ = {
			isa = XCSwiftPackageProductDependency;
			package = 326F93D72C8CE5E700B28F04 /* XCRemoteSwiftPackageReference "firebase-ios-sdk" */;
			productName = FirebaseAuth;
		};
		326F93DC2C8CE5E700B28F04 /* FirebaseFirestore */ = {
			isa = XCSwiftPackageProductDependency;
			package = 326F93D72C8CE5E700B28F04 /* XCRemoteSwiftPackageReference "firebase-ios-sdk" */;
			productName = FirebaseFirestore;
		};
		326F93DE2C8CE5E700B28F04 /* FirebaseFunctions */ = {
			isa = XCSwiftPackageProductDependency;
			package = 326F93D72C8CE5E700B28F04 /* XCRemoteSwiftPackageReference "firebase-ios-sdk" */;
			productName = FirebaseFunctions;
		};
		326F93E32C8CEA0C00B28F04 /* GoogleSignIn */ = {
			isa = XCSwiftPackageProductDependency;
			package = 326F93E22C8CEA0C00B28F04 /* XCRemoteSwiftPackageReference "GoogleSignIn-iOS" */;
			productName = GoogleSignIn;
		};
		326F93E52C8CEA0C00B28F04 /* GoogleSignInSwift */ = {
			isa = XCSwiftPackageProductDependency;
			package = 326F93E22C8CEA0C00B28F04 /* XCRemoteSwiftPackageReference "GoogleSignIn-iOS" */;
			productName = GoogleSignInSwift;
		};
		32EF33DE2C8FAFE8000850A5 /* FirebaseDatabase */ = {
			isa = XCSwiftPackageProductDependency;
			package = 326F93D72C8CE5E700B28F04 /* XCRemoteSwiftPackageReference "firebase-ios-sdk" */;
			productName = FirebaseDatabase;
		};
		32F956662CB1DEB500DAA6E6 /* FirebaseStorage */ = {
			isa = XCSwiftPackageProductDependency;
			package = 326F93D72C8CE5E700B28F04 /* XCRemoteSwiftPackageReference "firebase-ios-sdk" */;
			productName = FirebaseStorage;
		};
/* End XCSwiftPackageProductDependency section */
	};
	rootObject = 326F93A52C8B928E00B28F04 /* Project object */;
}
